
Microsoft Visual Studio Solution File, Format Version 12.00
# Visual Studio Version 17
VisualStudioVersion = 17.9.34714.143
MinimumVisualStudioVersion = 10.0.40219.1
Project("{FAE04EC0-301F-11D3-BF4B-00C04F79EFBC}") = "CargoShipApp", "CargoShipApp.csproj", "{0E7B8AEE-2116-4623-ABDA-4588E1438823}"
EndProject
Global
	GlobalSection(SolutionConfigurationPlatforms) = preSolution
		Debug|Any CPU = Debug|Any CPU
		Release|Any CPU = Release|Any CPU
	EndGlobalSection
	GlobalSection(ProjectConfigurationPlatforms) = postSolution
		{0E7B8AEE-2116-4623-ABDA-4588E1438823}.Debug|Any CPU.ActiveCfg = Debug|Any CPU
		{0E7B8AEE-2116-4623-ABDA-4588E1438823}.Debug|Any CPU.Build.0 = Debug|Any CPU
		{0E7B8AEE-2116-4623-ABDA-4588E1438823}.Release|Any CPU.ActiveCfg = Release|Any CPU
		{0E7B8AEE-2116-4623-ABDA-4588E1438823}.Release|Any CPU.Build.0 = Release|Any CPU
	EndGlobalSection
	GlobalSection(SolutionProperties) = preSolution
		HideSolutionNode = FALSE
	EndGlobalSection
	GlobalSection(ExtensibilityGlobals) = postSolution
		SolutionGuid = {66AAE5B4-BB13-47DE-B714-C0F0C5578634}
	EndGlobalSection
EndGlobal
